
Microsoft Visual Studio Solution File, Format Version 12.00
# Visual Studio 2012
Project("{FAE04EC0-301F-11D3-BF4B-00C04F79EFBC}") = "HTML5Forms", "HTML5Forms\HTML5Forms.csproj", "{1BEE697D-20CA-4837-99B9-D2845365FC84}"
EndProject
Project("{2150E333-8FDC-42A3-9474-1A3956D46DE8}") = "Solution Items", "Solution Items", "{0284225C-263B-4476-A660-E0A942A8E694}"
	ProjectSection(SolutionItems) = preProject
		WE-settings.xml = WE-settings.xml
	EndProjectSection
EndProject
Global
	GlobalSection(SolutionConfigurationPlatforms) = preSolution
		Debug|Any CPU = Debug|Any CPU
		Release|Any CPU = Release|Any CPU
	EndGlobalSection
	GlobalSection(ProjectConfigurationPlatforms) = postSolution
		{1BEE697D-20CA-4837-99B9-D2845365FC84}.Debug|Any CPU.ActiveCfg = Debug|Any CPU
		{1BEE697D-20CA-4837-99B9-D2845365FC84}.Debug|Any CPU.Build.0 = Debug|Any CPU
		{1BEE697D-20CA-4837-99B9-D2845365FC84}.Release|Any CPU.ActiveCfg = Release|Any CPU
		{1BEE697D-20CA-4837-99B9-D2845365FC84}.Release|Any CPU.Build.0 = Release|Any CPU
	EndGlobalSection
	GlobalSection(SolutionProperties) = preSolution
		HideSolutionNode = FALSE
	EndGlobalSection
EndGlobal
